
Microsoft Visual Studio Solution File, Format Version 12.00
# Visual Studio 2013
VisualStudioVersion = 12.0.30501.0
MinimumVisualStudioVersion = 10.0.40219.1
Project("{FAE04EC0-301F-11D3-BF4B-00C04F79EFBC}") = "DOM-test", "DOM-test\DOM-test.csproj", "{A6250285-98C7-42BA-804F-1DA37A57C69D}"
EndProject
Global
	GlobalSection(SolutionConfigurationPlatforms) = preSolution
		Debug|Any CPU = Debug|Any CPU
		Release|Any CPU = Release|Any CPU
	EndGlobalSection
	GlobalSection(ProjectConfigurationPlatforms) = postSolution
		{A6250285-98C7-42BA-804F-1DA37A57C69D}.Debug|Any CPU.ActiveCfg = Debug|Any CPU
		{A6250285-98C7-42BA-804F-1DA37A57C69D}.Debug|Any CPU.Build.0 = Debug|Any CPU
		{A6250285-98C7-42BA-804F-1DA37A57C69D}.Release|Any CPU.ActiveCfg = Release|Any CPU
		{A6250285-98C7-42BA-804F-1DA37A57C69D}.Release|Any CPU.Build.0 = Release|Any CPU
	EndGlobalSection
	GlobalSection(SolutionProperties) = preSolution
		HideSolutionNode = FALSE
	EndGlobalSection
EndGlobal
